
Microsoft Visual Studio Solution File, Format Version 12.00
# Visual Studio Version 17
VisualStudioVersion = 17.4.33213.308
MinimumVisualStudioVersion = 10.0.40219.1
Project("{FAE04EC0-301F-11D3-BF4B-00C04F79EFBC}") = "KabanDesk", "KabanDesk\KabanDesk.csproj", "{DA3E9AA8-3538-410F-9806-F097C6ED2A04}"
EndProject
Project("{FAE04EC0-301F-11D3-BF4B-00C04F79EFBC}") = "KabanDesk.Core", "KabanDesk.Core\KabanDesk.Core.csproj", "{86F2B39D-F787-4F08-9706-412FE957D68C}"
EndProject
Global
	GlobalSection(SolutionConfigurationPlatforms) = preSolution
		Debug|Any CPU = Debug|Any CPU
		Release|Any CPU = Release|Any CPU
	EndGlobalSection
	GlobalSection(ProjectConfigurationPlatforms) = postSolution
		{DA3E9AA8-3538-410F-9806-F097C6ED2A04}.Debug|Any CPU.ActiveCfg = Debug|Any CPU
		{DA3E9AA8-3538-410F-9806-F097C6ED2A04}.Debug|Any CPU.Build.0 = Debug|Any CPU
		{DA3E9AA8-3538-410F-9806-F097C6ED2A04}.Release|Any CPU.ActiveCfg = Release|Any CPU
		{DA3E9AA8-3538-410F-9806-F097C6ED2A04}.Release|Any CPU.Build.0 = Release|Any CPU
		{86F2B39D-F787-4F08-9706-412FE957D68C}.Debug|Any CPU.ActiveCfg = Debug|Any CPU
		{86F2B39D-F787-4F08-9706-412FE957D68C}.Debug|Any CPU.Build.0 = Debug|Any CPU
		{86F2B39D-F787-4F08-9706-412FE957D68C}.Release|Any CPU.ActiveCfg = Release|Any CPU
		{86F2B39D-F787-4F08-9706-412FE957D68C}.Release|Any CPU.Build.0 = Release|Any CPU
	EndGlobalSection
	GlobalSection(SolutionProperties) = preSolution
		HideSolutionNode = FALSE
	EndGlobalSection
	GlobalSection(ExtensibilityGlobals) = postSolution
		SolutionGuid = {DC166549-1291-4341-9853-64A2D5F2524F}
	EndGlobalSection
EndGlobal
